
Microsoft Visual Studio Solution File, Format Version 12.00
# Visual Studio Version 17
VisualStudioVersion = 17.4.33205.214
MinimumVisualStudioVersion = 10.0.40219.1
Project("{9A19103F-16F7-4668-BE54-9A1E7A4F7556}") = "TextFileCharacterCodeReplacer", "TextFileCharacterCodeReplacer\TextFileCharacterCodeReplacer.csproj", "{57E75586-A0DA-4A2B-BA1C-45BCF24546B3}"
EndProject
Global
	GlobalSection(SolutionConfigurationPlatforms) = preSolution
		Debug|Any CPU = Debug|Any CPU
		Release|Any CPU = Release|Any CPU
	EndGlobalSection
	GlobalSection(ProjectConfigurationPlatforms) = postSolution
		{57E75586-A0DA-4A2B-BA1C-45BCF24546B3}.Debug|Any CPU.ActiveCfg = Debug|Any CPU
		{57E75586-A0DA-4A2B-BA1C-45BCF24546B3}.Debug|Any CPU.Build.0 = Debug|Any CPU
		{57E75586-A0DA-4A2B-BA1C-45BCF24546B3}.Release|Any CPU.ActiveCfg = Release|Any CPU
		{57E75586-A0DA-4A2B-BA1C-45BCF24546B3}.Release|Any CPU.Build.0 = Release|Any CPU
	EndGlobalSection
	GlobalSection(SolutionProperties) = preSolution
		HideSolutionNode = FALSE
	EndGlobalSection
	GlobalSection(ExtensibilityGlobals) = postSolution
		SolutionGuid = {8543C08B-7A0E-428C-8EF0-7574A8AC1C30}
	EndGlobalSection
EndGlobal
